{
  "name": "contao-glightbox",
  "version": "1.0.0",
  "lockfileVersion": 2,
  "requires": true,
  "packages": {
    "": {
      "name": "contao-glightbox",
      "version": "1.0.0",
      "hasInstallScript": true,
      "dependencies": {
        "glightbox": "^3.1.0"
      }
    },
    "node_modules/glightbox": {
      "version": "3.1.0",
      "resolved": "https://registry.npmjs.org/glightbox/-/glightbox-3.1.0.tgz",
      "integrity": "sha512-QVWU40Eao1+1yH7pb/knwbte0qSXxn2Rfrs7H30G/2+9fXW52woCTBA4kKLtoEHPZxXI+JECj+GBqtRGzfBILQ=="
    }
  },
  "dependencies": {
    "glightbox": {
      "version": "3.1.0",
      "resolved": "https://registry.npmjs.org/glightbox/-/glightbox-3.1.0.tgz",
      "integrity": "sha512-QVWU40Eao1+1yH7pb/knwbte0qSXxn2Rfrs7H30G/2+9fXW52woCTBA4kKLtoEHPZxXI+JECj+GBqtRGzfBILQ=="
    }
  }
}
